PODS:
  - Flutter (1.0.0)
  - flutter_hyperpay (0.0.1):
    - Flutter

DEPENDENCIES:
  - Flutter (from `Flutter`)
  - flutter_hyperpay (from `.symlinks/plugins/flutter_hyperpay/ios`)

EXTERNAL SOURCES:
  Flutter:
    :path: Flutter
  flutter_hyperpay:
    :path: ".symlinks/plugins/flutter_hyperpay/ios"

SPEC CHECKSUMS:
  Flutter: 50d75fe2f02b26cc09d224853bb45737f8b3214a
  flutter_hyperpay: 81ec1f3b2ace01bc0091b748381e42b7c89400b2

PODFILE CHECKSUM: aafe91acc616949ddb318b77800a7f51bffa2a4c

COCOAPODS: 1.11.2
